
Microsoft Visual Studio Solution File, Format Version 12.00
# Visual Studio Version 17
VisualStudioVersion = 17.5.33530.505
MinimumVisualStudioVersion = 10.0.40219.1
Project("{9A19103F-16F7-4668-BE54-9A1E7A4F7556}") = "ECommerce", "ECommerce\ECommerce.csproj", "{D2B4914E-EBB8-4C51-BC67-02577F72C82B}"
EndProject
Project("{FAE04EC0-301F-11D3-BF4B-00C04F79EFBC}") = "Ecommerce_App", "Ecommerce_App\Ecommerce_App.csproj", "{2172167F-D387-4AFC-8768-AB4C8E2BDB7B}"
EndProject
Global
	GlobalSection(SolutionConfigurationPlatforms) = preSolution
		Debug|Any CPU = Debug|Any CPU
		Release|Any CPU = Release|Any CPU
	EndGlobalSection
	GlobalSection(ProjectConfigurationPlatforms) = postSolution
		{D2B4914E-EBB8-4C51-BC67-02577F72C82B}.Debug|Any CPU.ActiveCfg = Debug|Any CPU
		{D2B4914E-EBB8-4C51-BC67-02577F72C82B}.Debug|Any CPU.Build.0 = Debug|Any CPU
		{D2B4914E-EBB8-4C51-BC67-02577F72C82B}.Release|Any CPU.ActiveCfg = Release|Any CPU
		{D2B4914E-EBB8-4C51-BC67-02577F72C82B}.Release|Any CPU.Build.0 = Release|Any CPU
		{2172167F-D387-4AFC-8768-AB4C8E2BDB7B}.Debug|Any CPU.ActiveCfg = Debug|Any CPU
		{2172167F-D387-4AFC-8768-AB4C8E2BDB7B}.Debug|Any CPU.Build.0 = Debug|Any CPU
		{2172167F-D387-4AFC-8768-AB4C8E2BDB7B}.Release|Any CPU.ActiveCfg = Release|Any CPU
		{2172167F-D387-4AFC-8768-AB4C8E2BDB7B}.Release|Any CPU.Build.0 = Release|Any CPU
	EndGlobalSection
	GlobalSection(SolutionProperties) = preSolution
		HideSolutionNode = FALSE
	EndGlobalSection
	GlobalSection(ExtensibilityGlobals) = postSolution
		SolutionGuid = {3C357429-62EB-4BE5-AA35-5D73FF6677CB}
	EndGlobalSection
EndGlobal
